
Microsoft Visual Studio Solution File, Format Version 12.00
# Visual Studio Version 16
VisualStudioVersion = 16.0.31729.503
MinimumVisualStudioVersion = 10.0.40219.1
Project("{FAE04EC0-301F-11D3-BF4B-00C04F79EFBC}") = "DapperCrudOperation", "DapperCrudOperation\DapperCrudOperation.csproj", "{07134B49-90D7-406F-8F29-4E019C11699F}"
EndProject
Global
	GlobalSection(SolutionConfigurationPlatforms) = preSolution
		Debug|Any CPU = Debug|Any CPU
		Release|Any CPU = Release|Any CPU
	EndGlobalSection
	GlobalSection(ProjectConfigurationPlatforms) = postSolution
		{07134B49-90D7-406F-8F29-4E019C11699F}.Debug|Any CPU.ActiveCfg = Debug|Any CPU
		{07134B49-90D7-406F-8F29-4E019C11699F}.Debug|Any CPU.Build.0 = Debug|Any CPU
		{07134B49-90D7-406F-8F29-4E019C11699F}.Release|Any CPU.ActiveCfg = Release|Any CPU
		{07134B49-90D7-406F-8F29-4E019C11699F}.Release|Any CPU.Build.0 = Release|Any CPU
	EndGlobalSection
	GlobalSection(SolutionProperties) = preSolution
		HideSolutionNode = FALSE
	EndGlobalSection
	GlobalSection(ExtensibilityGlobals) = postSolution
		SolutionGuid = {FE3EA900-B02E-419B-B4A1-5E8158802AAA}
	EndGlobalSection
EndGlobal
